
Microsoft Visual Studio Solution File, Format Version 12.00
# Visual Studio Version 16
VisualStudioVersion = 16.0.29806.167
MinimumVisualStudioVersion = 10.0.40219.1
Project("{888888A0-9F3D-457C-B088-3A5042F75D52}") = "DungeonStrike", "DungeonStrike\DungeonStrike.pyproj", "{491027B2-DCC9-441C-9453-43CEEA91FF56}"
EndProject
Global
	GlobalSection(SolutionConfigurationPlatforms) = preSolution
		Debug|Any CPU = Debug|Any CPU
		Release|Any CPU = Release|Any CPU
	EndGlobalSection
	GlobalSection(ProjectConfigurationPlatforms) = postSolution
		{491027B2-DCC9-441C-9453-43CEEA91FF56}.Debug|Any CPU.ActiveCfg = Debug|Any CPU
		{491027B2-DCC9-441C-9453-43CEEA91FF56}.Release|Any CPU.ActiveCfg = Release|Any CPU
	EndGlobalSection
	GlobalSection(SolutionProperties) = preSolution
		HideSolutionNode = FALSE
	EndGlobalSection
	GlobalSection(ExtensibilityGlobals) = postSolution
		SolutionGuid = {14EE3061-127D-4789-ACCA-3DBB90F15F34}
	EndGlobalSection
EndGlobal
